PODS:
  - Alamofire (5.7.1)
  - BigInt (5.2.0)
  - ConnectCommon (0.1.52):
    - BigInt (~> 5.2.0)
    - ParticleNetworkBase
    - RxAlamofire (~> 6.1.1)
    - secp256k1.swift (~> 0.1)
    - SwiftyJSON (~> 5.0)
    - TweetNacl
  - ConnectEVMAdapter (0.1.52):
    - BigInt (~> 5.2.0)
    - ConnectCommon
    - CryptoSwift
    - GenericJSON (~> 2.0)
    - RxAlamofire (~> 6.1.1)
    - SwiftyUserDefaults (~> 5.3.0)
  - ConnectPhantomAdapter (0.1.52):
    - ConnectCommon
    - RxAlamofire (~> 6.1.1)
    - SwiftyJSON (~> 5.0)
    - SwiftyUserDefaults (~> 5.3.0)
    - TweetNacl
  - ConnectSolanaAdapter (0.1.52):
    - ConnectCommon
    - RxAlamofire (~> 6.1.1)
    - secp256k1.swift (~> 0.1)
    - SwiftyUserDefaults (~> 5.3.0)
    - TweetNacl
  - ConnectWalletConnectAdapter (0.1.52):
    - ConnectCommon
    - RxAlamofire (~> 6.1.1)
    - RxCocoa (= 6.5.0)
    - RxSwift (= 6.5.0)
    - SnapKit
    - SwiftMessages
    - SwiftyJSON (~> 5.0)
    - SwiftyUserDefaults (~> 5.3.0)
    - WalletConnectSwift
  - CryptoSwift (1.7.1)
  - GenericJSON (2.0.2)
  - GRDB.swift (5.26.1):
    - GRDB.swift/standard (= 5.26.1)
  - GRDB.swift/standard (5.26.1)
  - iOSDropDown (0.4.0)
  - ParticleAuthService (0.12.0):
    - CryptoSwift
    - ParticleNetworkBase
    - RxAlamofire (~> 6.1.1)
    - RxCocoa (= 6.5.0)
    - RxSwift (= 6.5.0)
    - SwiftyJSON (~> 5.0)
    - SwiftyUserDefaults (~> 5.3.0)
  - ParticleConnect (0.1.52):
    - ConnectCommon
    - ParticleAuthService
  - ParticleNetworkBase (0.12.0):
    - BigInt (~> 5.2.0)
    - CryptoSwift
  - ParticleWalletAPI (0.12.0):
    - CryptoSwift
    - GRDB.swift (= 5.26.1)
    - ParticleNetworkBase
    - RxAlamofire (~> 6.1.1)
    - RxCocoa (= 6.5.0)
    - RxSwift (= 6.5.0)
    - SwiftyJSON (~> 5.0)
    - SwiftyUserDefaults (~> 5.3.0)
  - QRCode (15.0.0):
    - SwiftImageReadWrite (~> 1.1.6)
    - SwiftQRCodeGenerator
  - RxAlamofire (6.1.1):
    - RxAlamofire/Core (= 6.1.1)
  - RxAlamofire/Core (6.1.1):
    - Alamofire (~> 5.4)
    - RxSwift (~> 6.0)
  - RxCocoa (6.5.0):
    - RxRelay (= 6.5.0)
    - RxSwift (= 6.5.0)
  - RxRelay (6.5.0):
    - RxSwift (= 6.5.0)
  - RxSwift (6.5.0)
  - SDWebImage (5.15.8):
    - SDWebImage/Core (= 5.15.8)
  - SDWebImage/Core (5.15.8)
  - secp256k1.swift (0.1.4)
  - SnapKit (5.6.0)
  - SVProgressHUD (2.2.5)
  - SwiftImageReadWrite (1.1.6)
  - SwiftMessages (9.0.6):
    - SwiftMessages/App (= 9.0.6)
  - SwiftMessages/App (9.0.6)
  - SwiftQRCodeGenerator (1.0.3)
  - SwiftyJSON (5.0.1)
  - SwiftyUserDefaults (5.3.0)
  - Toast-Swift (5.0.1)
  - TweetNacl (1.0.2)
  - WalletConnectSwift (1.7.0):
    - CryptoSwift (~> 1.5)

DEPENDENCIES:
  - ConnectCommon (= 0.1.52)
  - ConnectEVMAdapter (= 0.1.52)
  - ConnectPhantomAdapter (= 0.1.52)
  - ConnectSolanaAdapter (= 0.1.52)
  - ConnectWalletConnectAdapter (= 0.1.52)
  - iOSDropDown
  - ParticleAuthService (= 0.12.0)
  - ParticleConnect (= 0.1.52)
  - ParticleNetworkBase (= 0.12.0)
  - ParticleWalletAPI (= 0.12.0)
  - QRCode (from `https://github.com/dagronf/qrcode.git`, tag `15.0.0`)
  - SDWebImage
  - SnapKit
  - SVProgressHUD
  - Toast-Swift (~> 5.0.0)
  - WalletConnectSwift (from `https://github.com/SunZhiC/WalletConnectSwift`, branch `master`)

SPEC REPOS:
  trunk:
    - Alamofire
    - BigInt
    - ConnectCommon
    - ConnectEVMAdapter
    - ConnectPhantomAdapter
    - ConnectSolanaAdapter
    - ConnectWalletConnectAdapter
    - CryptoSwift
    - GenericJSON
    - GRDB.swift
    - iOSDropDown
    - ParticleAuthService
    - ParticleConnect
    - ParticleNetworkBase
    - ParticleWalletAPI
    - RxAlamofire
    - RxCocoa
    - RxRelay
    - RxSwift
    - SDWebImage
    - secp256k1.swift
    - SnapKit
    - SVProgressHUD
    - SwiftImageReadWrite
    - SwiftMessages
    - SwiftQRCodeGenerator
    - SwiftyJSON
    - SwiftyUserDefaults
    - Toast-Swift
    - TweetNacl

EXTERNAL SOURCES:
  QRCode:
    :git: https://github.com/dagronf/qrcode.git
    :tag: 15.0.0
  WalletConnectSwift:
    :branch: master
    :git: https://github.com/SunZhiC/WalletConnectSwift

CHECKOUT OPTIONS:
  QRCode:
    :git: https://github.com/dagronf/qrcode.git
    :tag: 15.0.0
  WalletConnectSwift:
    :commit: fa43b956320911e2ee7c5268e100c452382d7f4b
    :git: https://github.com/SunZhiC/WalletConnectSwift

SPEC CHECKSUMS:
  Alamofire: 0123a34370cb170936ae79a8df46cc62b2edeb88
  BigInt: f668a80089607f521586bbe29513d708491ef2f7
  ConnectCommon: 3f261f980043925a7cb605065b71fc4828f39e2c
  ConnectEVMAdapter: 5d954b2cc05f6de7edb8a397f88110eee7576c2a
  ConnectPhantomAdapter: b743c42381ad9c7039f32db54c3e47913b2148c9
  ConnectSolanaAdapter: 2ca4f170cc0d1ee8c4bae473fe08d1033a0fffc5
  ConnectWalletConnectAdapter: 348bf6d7a9dc5fa4978ce1da3227c4d3ecb9a05b
  CryptoSwift: d3d18dc357932f7e6d580689e065cf1f176007c1
  GenericJSON: 79a840eeb77030962e8cf02a62d36bd413b67626
  GRDB.swift: e98cd55ec99dea5da99355d588149063e4cfa0eb
  iOSDropDown: ce9daa584eaa5567cafc1b633e3cc7eb6d9cea42
  ParticleAuthService: 8ccd8b02ed3152830f5af06eef60b5b3d9be1151
  ParticleConnect: 55f4bec96c183ba89d9e887577e21f85835c6326
  ParticleNetworkBase: 30d0be1a52b44db9fa6df4983b5d9d0192c50da2
  ParticleWalletAPI: 1cf87a0ec84d454b19216c1bbcbf1a92665cca01
  QRCode: eabf9cbb131730ad02102f2d7152b348d8c1e31d
  RxAlamofire: beb75a1c452d0de225651db4903f5d29d034a620
  RxCocoa: 94f817b71c07517321eb4f9ad299112ca8af743b
  RxRelay: 1de1523e604c72b6c68feadedd1af3b1b4d0ecbd
  RxSwift: 5710a9e6b17f3c3d6e40d6e559b9fa1e813b2ef8
  SDWebImage: cb032eba469c54e0000e78bcb0a13cdde0a52798
  secp256k1.swift: a7e7a214f6db6ce5db32cc6b2b45e5c4dd633634
  SnapKit: e01d52ebb8ddbc333eefe2132acf85c8227d9c25
  SVProgressHUD: 1428aafac632c1f86f62aa4243ec12008d7a51d6
  SwiftImageReadWrite: 3508ec60fea50876964055b63558fdd02f132ba3
  SwiftMessages: f0c7ef4705a570ad6c5e208b611f4333e660ed92
  SwiftQRCodeGenerator: c5cdef1603699784b07af0fd3cc1c2f45ac26ada
  SwiftyJSON: 2f33a42c6fbc52764d96f13368585094bfd8aa5e
  SwiftyUserDefaults: 63f80248cf5bfb3458825d9a78f2eb7e1293a040
  Toast-Swift: 9b6a70f28b3bf0b96c40d46c0c4b9d6639846711
  TweetNacl: 3abf4d1d2082b0114e7a67410e300892448951e6
  WalletConnectSwift: 6309bf3011b0b30e3e9d1e7449535302a9240f71

PODFILE CHECKSUM: 30611b43f4450dc60ef0c167be9063a4179e84a8

COCOAPODS: 1.12.1
